version = 1
revision = 3
requires-python = ">=3.11, <3.14"

[[package]]
name = "cocotb"
version = "1.9.2"
source = { registry = "https://pypi.org/simple" }
dependencies = [
    { name = "find-libpython" },
]
sdist = { url = "https://files.pythonhosted.org/packages/5c/dc/4bd01e86f7ad85dfc6eec681a94db1a856aa35c58777a297e271100ac24c/cocotb-1.9.2.tar.gz", hash = "sha256:e4cdeaf51ec1b14e5430083ac56edc0b48ad05184f0307d90de44ff7bfdb1652", size = 300696, upload-time = "2024-10-26T19:11:30.247Z" }
wheels = [
    { url = "https://files.pythonhosted.org/packages/04/4f/64e2e6338a4c0666d2a53fdc160832bf1dd29d758fd8d6e7c72c98d22f26/cocotb-1.9.2-cp311-cp311-macosx_10_9_x86_64.whl", hash = "sha256:ac8cef8162a01369cbb6428b5d252274fe8a6bcae360fb68ba12dcda344b468a", size = 620030, upload-time = "2024-10-26T19:10:24.346Z" },
    { url = "https://files.pythonhosted.org/packages/2d/49/591bbe8961cfb540b3b17fda8e07b19d7e0203a2e272706c71aba37426c0/cocotb-1.9.2-cp311-cp311-manylinux_2_17_x86_64.manylinux2014_x86_64.whl", hash = "sha256:57fb05bc1bf79f92964d3a633153056bd885538dac9c2f5d3a724e83cdc65d51", size = 4211516, upload-time = "2024-10-26T19:10:26.556Z" },
    { url = "https://files.pythonhosted.org/packages/1b/d6/560c22b3b8cad20f159ba93b076483dd9db101e3823f795f07b26cfa3f30/cocotb-1.9.2-cp311-cp311-manylinux_2_5_i686.manylinux1_i686.manylinux_2_17_i686.manylinux2014_i686.whl", hash = "sha256:08c6dc004324b36015975b14aa24dca3cf1ac771d0ddd9ccacdcf4af7c77c3e1", size = 4094459, upload-time = "2024-10-26T19:10:28.775Z" },
    { url = "https://files.pythonhosted.org/packages/07/e7/24ef11f4854ae82758a73a4ce0cfd3a6c5ed459c923891d10d44adb6c586/cocotb-1.9.2-cp311-cp311-win32.whl", hash = "sha256:d2b28fb592586cf210243bacf3c53be5c5ca383555aafc8619605f34529bfae0", size = 491943, upload-time = "2024-10-26T19:10:30.833Z" },
    { url = "https://files.pythonhosted.org/packages/4a/f9/55036ca2bab83c27519b6497dce6f78d8ef74ff1a166ad17d59bba4ad48b/cocotb-1.9.2-cp311-cp311-win_amd64.whl", hash = "sha256:7f171a4eb095b45556275fba414785eaf7b41937690a93dc0dfa8f568e699687", size = 523342, upload-time = "2024-10-26T19:10:32.628Z" },
    { url = "https://files.pythonhosted.org/packages/f1/86/39f5f75366e46c665b86a46ab7acb5149994c55f4ad6f89057e99acc7400/cocotb-1.9.2-cp312-cp312-macosx_10_9_x86_64.whl", hash = "sha256:17c19553dbc5442f079495a2fd6e8fc7924cd9c527ae0d5c92d864f12d3ed865", size = 620182, upload-time = "2024-10-26T19:10:34.619Z" },
    { url = "https://files.pythonhosted.org/packages/f3/50/4e6c84dc1d2002e0cc4587a4516feb12c47e2953f43f8f2f136941e7c0bb/cocotb-1.9.2-cp312-cp312-manylinux_2_17_x86_64.manylinux2014_x86_64.whl", hash = "sha256:ff2460fb60444bfbe28a8119aad7f7297a97b53356426f03d0cdee2b90d3bc1a", size = 4213411, upload-time = "2024-10-26T19:10:36.63Z" },
    { url = "https://files.pythonhosted.org/packages/ad/1a/8875eecc17f681e6fd7bfff5e75a9338c156b3530c5559fe77753174e19a/cocotb-1.9.2-cp312-cp312-manylinux_2_5_i686.manylinux1_i686.manylinux_2_17_i686.manylinux2014_i686.whl", hash = "sha256:5a2333ee6e5f2316c425e501ea9a116439cf8f08ceb8816c762842fe88ea9748", size = 4094531, upload-time = "2024-10-26T19:10:39.036Z" },
    { url = "https://files.pythonhosted.org/packages/0c/ae/2a536de0f747bd5756e62165a429c9249c6e0715cc77c9a5fdd851821adb/cocotb-1.9.2-cp312-cp312-win32.whl", hash = "sha256:85d175f6e6054f3d046903790fe61ccf454e1a5e39392682c728a3418be935cf", size = 492077, upload-time = "2024-10-26T19:10:40.942Z" },
    { url = "https://files.pythonhosted.org/packages/05/b3/5026f529ffd707dcb6cf58d68d0b1b7d47fc6afecf009a4158bf7e2141b4/cocotb-1.9.2-cp312-cp312-win_amd64.whl", hash = "sha256:42fde03b858cd84e0284d9cee6bf34cc0892167921bd1da100abf181ac5e2ea4", size = 523524, upload-time = "2024-10-26T19:10:42.776Z" },
    { url = "https://files.pythonhosted.org/packages/4a/9b/68332cd317d449c32e5ed8318343805f59e73481d6c5dcb01b8060ac412e/cocotb-1.9.2-cp313-cp313-macosx_10_13_x86_64.whl", hash = "sha256:a60f6b3c4e4f5e9265a18c86927af1d773fb79b32edf577ce2ba8d59d74acafc", size = 611792, upload-time = "2024-10-26T19:10:44.426Z" },
    { url = "https://files.pythonhosted.org/packages/9a/79/dadc212d62e57bc381ab403bae8a442b8903f84c4807075bd236071092ce/cocotb-1.9.2-cp313-cp313-manylinux_2_17_x86_64.manylinux2014_x86_64.whl", hash = "sha256:9cc00e5ddf5fea392a8a3406869396c7e5a736a08afc8e0fe45ad159151438ba", size = 4213277, upload-time = "2024-10-26T19:10:46.308Z" },
    { url = "https://files.pythonhosted.org/packages/a0/22/4578c0f67443ae00e63f6d9987bd48287b1ad141941780277a9bd8faa4ce/cocotb-1.9.2-cp313-cp313-manylinux_2_5_i686.manylinux1_i686.manylinux_2_17_i686.manylinux2014_i686.whl", hash = "sha256:6264826ee4dd6acc678dd2572f3cd683da6a48013af82de81bf8a45b5e064b8e", size = 4094427, upload-time = "2024-10-26T19:10:48.472Z" },
    { url = "https://files.pythonhosted.org/packages/29/71/6b77f173866dd64f3b898ec15ec1103eee43fb7b212108e51fea9b866a67/cocotb-1.9.2-cp313-cp313-win32.whl", hash = "sha256:7cdb25ca9dd2483d96f30b1cf3c070e4a6527d43e0af2d66660de29727c81cd4", size = 492087, upload-time = "2024-10-26T19:10:50.255Z" },
    { url = "https://files.pythonhosted.org/packages/01/f0/71d15e3735df2135f600cac25e2174c7fee55d250e46a00fe800417c1aab/cocotb-1.9.2-cp313-cp313-win_amd64.whl", hash = "sha256:c816972ec4b3360372075fb0563cf98e8ad7d0f158e8dfe3165824936383a888", size = 523541, upload-time = "2024-10-26T19:10:51.78Z" },
]

[[package]]
name = "find-libpython"
version = "0.5.1"
source = { registry = "https://pypi.org/simple" }
sdist = { url = "https://files.pythonhosted.org/packages/70/60/951b7ca316ab3ec928ed788de5fcb30b4a0292704e50b872c8edf24c11fe/find_libpython-0.5.1.tar.gz", hash = "sha256:12a0fb39ff8dcc64ad0fd554b1bd142ea4a8c4c18e5da6043a547ce7b25559fe", size = 9402, upload-time = "2026-02-11T03:18:04.844Z" }
wheels = [
    { url = "https://files.pythonhosted.org/packages/34/1f/1d6079f4f0540aaa368aa20d89d98eda42f081c397a822c547340e32d1e3/find_libpython-0.5.1-py3-none-any.whl", hash = "sha256:723a8cfe6fed255a1f58b53c62ed556fb340ec0d456e9863ebc01a5cc047607d", size = 9201, upload-time = "2026-02-11T03:18:03.263Z" },
]

[[package]]
name = "ocah-dv-vcs-classic"
version = "0.1.0"
source = { virtual = "." }
dependencies = [
    { name = "cocotb" },
    { name = "pyuvm" },
]

[package.metadata]
requires-dist = [
    { name = "cocotb", specifier = ">=1.9.2,<2" },
    { name = "pyuvm", specifier = ">=4,<6" },
]

[[package]]
name = "pyuvm"
version = "5.0.0"
source = { registry = "https://pypi.org/simple" }
dependencies = [
    { name = "cocotb" },
]
sdist = { url = "https://files.pythonhosted.org/packages/ae/10/8ea037c21bb758b50a33b95f1d2dbdd8b5dae14d93298e13cf418704ef9c/pyuvm-5.0.0.tar.gz", hash = "sha256:32d9246b47281a4aa34a6062a1e5ccb5d0f9d2657fff29511837b09de005d8b3", size = 115633, upload-time = "2026-08-31T20:09:09.005Z" }
wheels = [
    { url = "https://files.pythonhosted.org/packages/3b/19/394894dcfbcaca315f96c4c5edb9a58582d234718647ad76efe49aa20088/pyuvm-5.0.0-py3-none-any.whl", hash = "sha256:9165a06b5544b1a33af242b0c4cdfc5f3e5d3e6463aeef69a35884a8bd6a91cd", size = 111988, upload-time = "2026-08-31T20:09:07.81Z" },
]
